
Microsoft Visual Studio Solution File, Format Version 12.00
# Visual Studio Version 16
VisualStudioVersion = 16.0.31605.320
MinimumVisualStudioVersion = 10.0.40219.1
Project("{FAE04EC0-301F-11D3-BF4B-00C04F79EFBC}") = "CQRSApplication", "CQRSApplication\CQRSApplication.csproj", "{94335285-06DB-4DA3-9AD2-E22F6128C52E}"
EndProject
Global
	GlobalSection(SolutionConfigurationPlatforms) = preSolution
		Debug|Any CPU = Debug|Any CPU
		Release|Any CPU = Release|Any CPU
	EndGlobalSection
	GlobalSection(ProjectConfigurationPlatforms) = postSolution
		{94335285-06DB-4DA3-9AD2-E22F6128C52E}.Debug|Any CPU.ActiveCfg = Debug|Any CPU
		{94335285-06DB-4DA3-9AD2-E22F6128C52E}.Debug|Any CPU.Build.0 = Debug|Any CPU
		{94335285-06DB-4DA3-9AD2-E22F6128C52E}.Release|Any CPU.ActiveCfg = Release|Any CPU
		{94335285-06DB-4DA3-9AD2-E22F6128C52E}.Release|Any CPU.Build.0 = Release|Any CPU
	EndGlobalSection
	GlobalSection(SolutionProperties) = preSolution
		HideSolutionNode = FALSE
	EndGlobalSection
	GlobalSection(ExtensibilityGlobals) = postSolution
		SolutionGuid = {BEAAD496-4EA8-44A6-A232-B9568ED33A36}
	EndGlobalSection
EndGlobal
